# This file is automatically @generated by Cargo.
# It is not intended for manual editing.
version = 4

[[package]]
name = "StructPractice"
version = "0.1.0"
dependencies = [
 "adder",
 "hash-map",
 "option",
 "titlecase",
]

[[package]]
name = "adder"
version = "0.1.0"
source = "registry+https://github.com/rust-lang/crates.io-index"
checksum = "da860ef43d6a9bb0fcd5b152d96cfbc4e57bd2d5834eb92bbfe6847fb23436c7"

[[package]]
name = "aho-corasick"
version = "1.1.4"
source = "registry+https://github.com/rust-lang/crates.io-index"
checksum = "ddd31a130427c27518df266943a5308ed92d4b226cc639f5a8f1002816174301"
dependencies = [
 "memchr",
]

[[package]]
name = "hash-map"
version = "0.1.0"
source = "registry+https://github.com/rust-lang/crates.io-index"
checksum = "d99a417691d0b25ca276be00f41e30044f2df2371342a990507ff121096fcbd6"

[[package]]
name = "memchr"
version = "2.8.0"
source = "registry+https://github.com/rust-lang/crates.io-index"
checksum = "f8ca58f447f06ed17d5fc4043ce1b10dd205e060fb3ce5b979b8ed8e59ff3f79"

[[package]]
name = "option"
version = "0.0.0"
source = "registry+https://github.com/rust-lang/crates.io-index"
checksum = "3ee17864b025f1f220299f59c265869eb5e3ec65cbb4e20b5428de66638d606c"

[[package]]
name = "regex"
version = "1.12.3"
source = "registry+https://github.com/rust-lang/crates.io-index"
checksum = "e10754a14b9137dd7b1e3e5b0493cc9171fdd105e0ab477f51b72e7f3ac0e276"
dependencies = [
 "aho-corasick",
 "memchr",
 "regex-automata",
 "regex-syntax",
]

[[package]]
name = "regex-automata"
version = "0.4.14"
source = "registry+https://github.com/rust-lang/crates.io-index"
checksum = "6e1dd4122fc1595e8162618945476892eefca7b88c52820e74af6262213cae8f"
dependencies = [
 "aho-corasick",
 "memchr",
 "regex-syntax",
]

[[package]]
name = "regex-syntax"
version = "0.8.10"
source = "registry+https://github.com/rust-lang/crates.io-index"
checksum = "dc897dd8d9e8bd1ed8cdad82b5966c3e0ecae09fb1907d58efaa013543185d0a"

[[package]]
name = "titlecase"
version = "3.6.0"
source = "registry+https://github.com/rust-lang/crates.io-index"
checksum = "eb567088a91d59b492520c8149e2be5ce10d5deb2d9a383f3378df3259679d40"
dependencies = [
 "regex",
]
